
Microsoft Visual Studio Solution File, Format Version 12.00
# Visual Studio Version 16
VisualStudioVersion = 16.0.31613.86
MinimumVisualStudioVersion = 10.0.40219.1
Project("{FAE04EC0-301F-11D3-BF4B-00C04F79EFBC}") = "NewOne", "NewOne\NewOne.csproj", "{40C67582-7949-4AB4-A89E-C81B32FC5927}"
EndProject
Global
	GlobalSection(SolutionConfigurationPlatforms) = preSolution
		Debug|Any CPU = Debug|Any CPU
		Release|Any CPU = Release|Any CPU
	EndGlobalSection
	GlobalSection(ProjectConfigurationPlatforms) = postSolution
		{40C67582-7949-4AB4-A89E-C81B32FC5927}.Debug|Any CPU.ActiveCfg = Debug|Any CPU
		{40C67582-7949-4AB4-A89E-C81B32FC5927}.Debug|Any CPU.Build.0 = Debug|Any CPU
		{40C67582-7949-4AB4-A89E-C81B32FC5927}.Release|Any CPU.ActiveCfg = Release|Any CPU
		{40C67582-7949-4AB4-A89E-C81B32FC5927}.Release|Any CPU.Build.0 = Release|Any CPU
	EndGlobalSection
	GlobalSection(SolutionProperties) = preSolution
		HideSolutionNode = FALSE
	EndGlobalSection
	GlobalSection(ExtensibilityGlobals) = postSolution
		SolutionGuid = {58839380-E1F2-4C94-97CE-2FDD314EBA87}
	EndGlobalSection
EndGlobal
